// !$*UTF8*$!
{
	archiveVersion = 1;
	classes = {
	};
	objectVersion = 46;
	objects = {

/* Begin PBXBuildFile section */
		0517B3351E23309700D8DDCB /* SettingTextFieldController.swift in Sources */ = {isa = PBXBuildFile; fileRef = 0517B3341E23309700D8DDCB /* SettingTextFieldController.swift */; };
		0517B3371E2330FD00D8DDCB /* SecondarySettingViewController.swift in Sources */ = {isa = PBXBuildFile; fileRef = 0517B3361E2330FD00D8DDCB /* SecondarySettingViewController.swift */; };
		051AC0A61D7A7BDA00D6C82F /* ActivityViewController.swift in Sources */ = {isa = PBXBuildFile; fileRef = 051AC0A51D7A7BDA00D6C82F /* ActivityViewController.swift */; };
		05269AEE1DFBC1E000B2A600 /* RankingViewCell.swift in Sources */ = {isa = PBXBuildFile; fileRef = 05269AED1DFBC1E000B2A600 /* RankingViewCell.swift */; };
		05269AF01DFBD6A000B2A600 /* Images.xcassets in Resources */ = {isa = PBXBuildFile; fileRef = 05269AEF1DFBD69F00B2A600 /* Images.xcassets */; };
		052E9F7E1BFF222D00BBF246 /* CoreLocation.framework in Frameworks */ = {isa = PBXBuildFile; fileRef = 052E9F7D1BFF222D00BBF246 /* CoreLocation.framework */; };
		052E9F801C00515600BBF246 /* BaseViewController.swift in Sources */ = {isa = PBXBuildFile; fileRef = 052E9F7F1C00515600BBF246 /* BaseViewController.swift */; };
		052EB0CD1E1317F100F17B11 /* SettingViewController.swift in Sources */ = {isa = PBXBuildFile; fileRef = 052EB0CC1E1317F100F17B11 /* SettingViewController.swift */; };
		0539F9951E2714EA00C1FB19 /* Test.swift in Sources */ = {isa = PBXBuildFile; fileRef = 0539F9941E2714EA00C1FB19 /* Test.swift */; };
		0539F9A41E271F0700C1FB19 /* Sdk in Resources */ = {isa = PBXBuildFile; fileRef = 0539F9A31E271F0700C1FB19 /* Sdk */; };
		05441A271BE07BEE00A8ECA4 /* Model.xcdatamodeld in Sources */ = {isa = PBXBuildFile; fileRef = 05441A251BE07BEE00A8ECA4 /* Model.xcdatamodeld */; };
		05441A2C1BE089ED00A8ECA4 /* Location+CoreDataProperties.swift in Sources */ = {isa = PBXBuildFile; fileRef = 05441A281BE089ED00A8ECA4 /* Location+CoreDataProperties.swift */; };
		05441A2D1BE089ED00A8ECA4 /* Location.swift in Sources */ = {isa = PBXBuildFile; fileRef = 05441A291BE089ED00A8ECA4 /* Location.swift */; };
		05441A2E1BE089ED00A8ECA4 /* Run+CoreDataProperties.swift in Sources */ = {isa = PBXBuildFile; fileRef = 05441A2A1BE089ED00A8ECA4 /* Run+CoreDataProperties.swift */; };
		05441A2F1BE089ED00A8ECA4 /* Run.swift in Sources */ = {isa = PBXBuildFile; fileRef = 05441A2B1BE089ED00A8ECA4 /* Run.swift */; };
		05441A561BE35EA800A8ECA4 /* RunningResultViewController.swift in Sources */ = {isa = PBXBuildFile; fileRef = 05441A551BE35EA800A8ECA4 /* RunningResultViewController.swift */; };
		0555EA4E1AE210CB00E127C8 /* AppDelegate.swift in Sources */ = {isa = PBXBuildFile; fileRef = 0555EA4D1AE210CB00E127C8 /* AppDelegate.swift */; };
		0555EA521AE210CB00E127C8 /* RunningViewController.swift in Sources */ = {isa = PBXBuildFile; fileRef = 0555EA511AE210CB00E127C8 /* RunningViewController.swift */; };
		0555EA551AE210CB00E127C8 /* Main.storyboard in Resources */ = {isa = PBXBuildFile; fileRef = 0555EA531AE210CB00E127C8 /* Main.storyboard */; };
		0555EA661AE210CB00E127C8 /* Step_by_stepTests.swift in Sources */ = {isa = PBXBuildFile; fileRef = 0555EA651AE210CB00E127C8 /* Step_by_stepTests.swift */; };
		055E7BFB1E1B51CE00356F29 /* AllRankingsViewController.swift in Sources */ = {isa = PBXBuildFile; fileRef = 055E7BFA1E1B51CE00356F29 /* AllRankingsViewController.swift */; };
		055E7BFE1E1B521200356F29 /* RankingTableViewCell.swift in Sources */ = {isa = PBXBuildFile; fileRef = 055E7BFD1E1B521200356F29 /* RankingTableViewCell.swift */; };
		055E7C001E1B66DC00356F29 /* AchievementTableViewCell.swift in Sources */ = {isa = PBXBuildFile; fileRef = 055E7BFF1E1B66DC00356F29 /* AchievementTableViewCell.swift */; };
		055E7C021E1B671200356F29 /* AllAchievementsTableViewController.swift in Sources */ = {isa = PBXBuildFile; fileRef = 055E7C011E1B671200356F29 /* AllAchievementsTableViewController.swift */; };
		055E7C051E1C020300356F29 /* AllRecordsTableViewController.swift in Sources */ = {isa = PBXBuildFile; fileRef = 055E7C041E1C020300356F29 /* AllRecordsTableViewController.swift */; };
		055E7C071E1C021900356F29 /* RecordTableViewCell.swift in Sources */ = {isa = PBXBuildFile; fileRef = 055E7C061E1C021900356F29 /* RecordTableViewCell.swift */; };
		056FA8981E242A6300089132 /* Achievement.swift in Sources */ = {isa = PBXBuildFile; fileRef = 056FA8971E242A6300089132 /* Achievement.swift */; };
		056FA89A1E242C1600089132 /* Achievement+CoreDataProperties.swift in Sources */ = {isa = PBXBuildFile; fileRef = 056FA8991E242C1600089132 /* Achievement+CoreDataProperties.swift */; };
		056FA89C1E242C2700089132 /* Ranking.swift in Sources */ = {isa = PBXBuildFile; fileRef = 056FA89B1E242C2700089132 /* Ranking.swift */; };
		056FA89E1E242C3200089132 /* Ranking+CoreDataProperties.swift in Sources */ = {isa = PBXBuildFile; fileRef = 056FA89D1E242C3200089132 /* Ranking+CoreDataProperties.swift */; };
		056FA8A01E242C4300089132 /* Record.swift in Sources */ = {isa = PBXBuildFile; fileRef = 056FA89F1E242C4300089132 /* Record.swift */; };
		056FA8A21E242C4F00089132 /* Record+CoreDataProperties.swift in Sources */ = {isa = PBXBuildFile; fileRef = 056FA8A11E242C4E00089132 /* Record+CoreDataProperties.swift */; };
		056FA8AB1E247B0900089132 /* Time.swift in Sources */ = {isa = PBXBuildFile; fileRef = 056FA8AA1E247B0900089132 /* Time.swift */; };
		057061F01E1EFE98001AE518 /* PauseLocation+CoreDataProperties.swift in Sources */ = {isa = PBXBuildFile; fileRef = 057061EE1E1EFE98001AE518 /* PauseLocation+CoreDataProperties.swift */; };
		057061F11E1EFE98001AE518 /* PauseLocation.swift in Sources */ = {isa = PBXBuildFile; fileRef = 057061EF1E1EFE98001AE518 /* PauseLocation.swift */; };
		0572A3C41C0AF846004A56C0 /* MeViewController.swift in Sources */ = {isa = PBXBuildFile; fileRef = 0572A3C31C0AF846004A56C0 /* MeViewController.swift */; };
		05745A111E25784600E8D1CA /* RankingDetailViewController.swift in Sources */ = {isa = PBXBuildFile; fileRef = 05745A101E25784600E8D1CA /* RankingDetailViewController.swift */; };
		057EA67C1E21F4C500064BFD /* Colors.swift in Sources */ = {isa = PBXBuildFile; fileRef = 057EA67B1E21F4C500064BFD /* Colors.swift */; };
		057F3FA51C0C96D6001BEA91 /* ActivityTableViewCell.swift in Sources */ = {isa = PBXBuildFile; fileRef = 057F3FA41C0C96D6001BEA91 /* ActivityTableViewCell.swift */; };
		058483931C0C1674008AE503 /* AllActivitiesViewController.swift in Sources */ = {isa = PBXBuildFile; fileRef = 058483921C0C1674008AE503 /* AllActivitiesViewController.swift */; };
		0586A8241E171D31005CC238 /* LoginViewController.swift in Sources */ = {isa = PBXBuildFile; fileRef = 0586A8231E171D31005CC238 /* LoginViewController.swift */; };
		058C8AC91E14B80700140D71 /* Pedometer.swift in Sources */ = {isa = PBXBuildFile; fileRef = 058C8AC81E14B80600140D71 /* Pedometer.swift */; };
		0596360E1B0CCD81007BCC22 /* StepsViewController.swift in Sources */ = {isa = PBXBuildFile; fileRef = 0596360D1B0CCD81007BCC22 /* StepsViewController.swift */; };
		059636141B0CD725007BCC22 /* StepsMonitor.swift in Sources */ = {isa = PBXBuildFile; fileRef = 059636131B0CD725007BCC22 /* StepsMonitor.swift */; };
		05C364631BDB2F31008D1712 /* LaunchScreen.xib in Resources */ = {isa = PBXBuildFile; fileRef = 05C364611BDB2F31008D1712 /* LaunchScreen.xib */; };
		05DAC7311BDF6E1C008F10C5 /* MapKit.framework in Frameworks */ = {isa = PBXBuildFile; fileRef = 05DAC7301BDF6E1C008F10C5 /* MapKit.framework */; };
		05DEFACA1C0557CC00EE5A5F /* InRunningViewController.swift in Sources */ = {isa = PBXBuildFile; fileRef = 05DEFAC91C0557CC00EE5A5F /* InRunningViewController.swift */; };
		05E26C951E20006600D1E22F /* Display.swift in Sources */ = {isa = PBXBuildFile; fileRef = 05E26C941E20006600D1E22F /* Display.swift */; };
		05FEC9D41BDE83C50093DF7D /* RankingViewController.swift in Sources */ = {isa = PBXBuildFile; fileRef = 05FEC9D31BDE83C50093DF7D /* RankingViewController.swift */; };
		988262BAF10AC5F8FF234B54 /* Pods_Step_by_step.framework in Frameworks */ = {isa = PBXBuildFile; fileRef = 72A64F0ED2346E99320C8C04 /* Pods_Step_by_step.framework */; };
/* End PBXBuildFile section */

/* Begin PBXContainerItemProxy section */
		0555EA601AE210CB00E127C8 /* PBXContainerItemProxy */ = {
			isa = PBXContainerItemProxy;
			containerPortal = 0555EA401AE210CB00E127C8 /* Project object */;
			proxyType = 1;
			remoteGlobalIDString = 0555EA471AE210CB00E127C8;
			remoteInfo = "Step by step";
		};
/* End PBXContainerItemProxy section */

/* Begin PBXFileReference section */
		0517B3341E23309700D8DDCB /* SettingTextFieldController.swift */ = {isa = PBXFileReference; fileEncoding = 4; lastKnownFileType = sourcecode.swift; path = SettingTextFieldController.swift; sourceTree = "<group>"; };
		0517B3361E2330FD00D8DDCB /* SecondarySettingViewController.swift */ = {isa = PBXFileReference; fileEncoding = 4; lastKnownFileType = sourcecode.swift; path = SecondarySettingViewController.swift; sourceTree = "<group>"; };
		051AC0A51D7A7BDA00D6C82F /* ActivityViewController.swift */ = {isa = PBXFileReference; fileEncoding = 4; lastKnownFileType = sourcecode.swift; path = ActivityViewController.swift; sourceTree = "<group>"; };
		05269AED1DFBC1E000B2A600 /* RankingViewCell.swift */ = {isa = PBXFileReference; fileEncoding = 4; lastKnownFileType = sourcecode.swift; path = RankingViewCell.swift; sourceTree = "<group>"; };
		05269AEF1DFBD69F00B2A600 /* Images.xcassets */ = {isa = PBXFileReference; lastKnownFileType = folder.assetcatalog; path = Images.xcassets; sourceTree = "<group>"; };
		052E9F7D1BFF222D00BBF246 /* CoreLocation.framework */ = {isa = PBXFileReference; lastKnownFileType = wrapper.framework; name = CoreLocation.framework; path = System/Library/Frameworks/CoreLocation.framework; sourceTree = SDKROOT; };
		052E9F7F1C00515600BBF246 /* BaseViewController.swift */ = {isa = PBXFileReference; fileEncoding = 4; lastKnownFileType = sourcecode.swift; path = BaseViewController.swift; sourceTree = "<group>"; };
		052EB0CC1E1317F100F17B11 /* SettingViewController.swift */ = {isa = PBXFileReference; fileEncoding = 4; lastKnownFileType = sourcecode.swift; path = SettingViewController.swift; sourceTree = "<group>"; };
		0539F9901E2710EC00C1FB19 /* libsqlite3.tbd */ = {isa = PBXFileReference; lastKnownFileType = "sourcecode.text-based-dylib-definition"; name = libsqlite3.tbd; path = usr/lib/libsqlite3.tbd; sourceTree = SDKROOT; };
		0539F9921E2710F700C1FB19 /* libz.tbd */ = {isa = PBXFileReference; lastKnownFileType = "sourcecode.text-based-dylib-definition"; name = libz.tbd; path = usr/lib/libz.tbd; sourceTree = SDKROOT; };
		0539F9941E2714EA00C1FB19 /* Test.swift */ = {isa = PBXFileReference; fileEncoding = 4; lastKnownFileType = sourcecode.swift; path = Test.swift; sourceTree = "<group>"; };
		0539F9A31E271F0700C1FB19 /* Sdk */ = {isa = PBXFileReference; lastKnownFileType = folder; path = Sdk; sourceTree = "<group>"; };
		05441A261BE07BEE00A8ECA4 /* Model.xcdatamodel */ = {isa = PBXFileReference; lastKnownFileType = wrapper.xcdatamodel; path = Model.xcdatamodel; sourceTree = "<group>"; };
		05441A281BE089ED00A8ECA4 /* Location+CoreDataProperties.swift */ = {isa = PBXFileReference; fileEncoding = 4; lastKnownFileType = sourcecode.swift; path = "Location+CoreDataProperties.swift"; sourceTree = "<group>"; };
		05441A291BE089ED00A8ECA4 /* Location.swift */ = {isa = PBXFileReference; fileEncoding = 4; lastKnownFileType = sourcecode.swift; path = Location.swift; sourceTree = "<group>"; };
		05441A2A1BE089ED00A8ECA4 /* Run+CoreDataProperties.swift */ = {isa = PBXFileReference; fileEncoding = 4; lastKnownFileType = sourcecode.swift; path = "Run+CoreDataProperties.swift"; sourceTree = "<group>"; };
		05441A2B1BE089ED00A8ECA4 /* Run.swift */ = {isa = PBXFileReference; fileEncoding = 4; lastKnownFileType = sourcecode.swift; path = Run.swift; sourceTree = "<group>"; };
		05441A551BE35EA800A8ECA4 /* RunningResultViewController.swift */ = {isa = PBXFileReference; fileEncoding = 4; lastKnownFileType = sourcecode.swift; path = RunningResultViewController.swift; sourceTree = "<group>"; };
		0555EA481AE210CB00E127C8 /* Step by step.app */ = {isa = PBXFileReference; explicitFileType = wrapper.application; includeInIndex = 0; path = "Step by step.app"; sourceTree = BUILT_PRODUCTS_DIR; };
		0555EA4C1AE210CB00E127C8 /* Info.plist */ = {isa = PBXFileReference; lastKnownFileType = text.plist.xml; path = Info.plist; sourceTree = "<group>"; };
		0555EA4D1AE210CB00E127C8 /* AppDelegate.swift */ = {isa = PBXFileReference; lastKnownFileType = sourcecode.swift; path = AppDelegate.swift; sourceTree = "<group>"; };
		0555EA511AE210CB00E127C8 /* RunningViewController.swift */ = {isa = PBXFileReference; lastKnownFileType = sourcecode.swift; path = RunningViewController.swift; sourceTree = "<group>"; };
		0555EA541AE210CB00E127C8 /* Base */ = {isa = PBXFileReference; lastKnownFileType = file.storyboard; name = Base; path = Base.lproj/Main.storyboard; sourceTree = "<group>"; };
		0555EA5F1AE210CB00E127C8 /* Step by stepTests.xctest */ = {isa = PBXFileReference; explicitFileType = wrapper.cfbundle; includeInIndex = 0; path = "Step by stepTests.xctest"; sourceTree = BUILT_PRODUCTS_DIR; };
		0555EA641AE210CB00E127C8 /* Info.plist */ = {isa = PBXFileReference; lastKnownFileType = text.plist.xml; path = Info.plist; sourceTree = "<group>"; };
		0555EA651AE210CB00E127C8 /* Step_by_stepTests.swift */ = {isa = PBXFileReference; lastKnownFileType = sourcecode.swift; path = Step_by_stepTests.swift; sourceTree = "<group>"; };
		055E7BFA1E1B51CE00356F29 /* AllRankingsViewController.swift */ = {isa = PBXFileReference; fileEncoding = 4; lastKnownFileType = sourcecode.swift; path = AllRankingsViewController.swift; sourceTree = "<group>"; };
		055E7BFD1E1B521200356F29 /* RankingTableViewCell.swift */ = {isa = PBXFileReference; fileEncoding = 4; lastKnownFileType = sourcecode.swift; path = RankingTableViewCell.swift; sourceTree = "<group>"; };
		055E7BFF1E1B66DC00356F29 /* AchievementTableViewCell.swift */ = {isa = PBXFileReference; fileEncoding = 4; lastKnownFileType = sourcecode.swift; path = AchievementTableViewCell.swift; sourceTree = "<group>"; };
		055E7C011E1B671200356F29 /* AllAchievementsTableViewController.swift */ = {isa = PBXFileReference; fileEncoding = 4; lastKnownFileType = sourcecode.swift; path = AllAchievementsTableViewController.swift; sourceTree = "<group>"; };
		055E7C041E1C020300356F29 /* AllRecordsTableViewController.swift */ = {isa = PBXFileReference; fileEncoding = 4; lastKnownFileType = sourcecode.swift; path = AllRecordsTableViewController.swift; sourceTree = "<group>"; };
		055E7C061E1C021900356F29 /* RecordTableViewCell.swift */ = {isa = PBXFileReference; fileEncoding = 4; lastKnownFileType = sourcecode.swift; path = RecordTableViewCell.swift; sourceTree = "<group>"; };
		056FA8971E242A6300089132 /* Achievement.swift */ = {isa = PBXFileReference; fileEncoding = 4; lastKnownFileType = sourcecode.swift; path = Achievement.swift; sourceTree = "<group>"; };
		056FA8991E242C1600089132 /* Achievement+CoreDataProperties.swift */ = {isa = PBXFileReference; fileEncoding = 4; lastKnownFileType = sourcecode.swift; path = "Achievement+CoreDataProperties.swift"; sourceTree = "<group>"; };
		056FA89B1E242C2700089132 /* Ranking.swift */ = {isa = PBXFileReference; fileEncoding = 4; lastKnownFileType = sourcecode.swift; path = Ranking.swift; sourceTree = "<group>"; };
		056FA89D1E242C3200089132 /* Ranking+CoreDataProperties.swift */ = {isa = PBXFileReference; fileEncoding = 4; lastKnownFileType = sourcecode.swift; path = "Ranking+CoreDataProperties.swift"; sourceTree = "<group>"; };
		056FA89F1E242C4300089132 /* Record.swift */ = {isa = PBXFileReference; fileEncoding = 4; lastKnownFileType = sourcecode.swift; path = Record.swift; sourceTree = "<group>"; };
		056FA8A11E242C4E00089132 /* Record+CoreDataProperties.swift */ = {isa = PBXFileReference; fileEncoding = 4; lastKnownFileType = sourcecode.swift; path = "Record+CoreDataProperties.swift"; sourceTree = "<group>"; };
		056FA8AA1E247B0900089132 /* Time.swift */ = {isa = PBXFileReference; fileEncoding = 4; lastKnownFileType = sourcecode.swift; path = Time.swift; sourceTree = "<group>"; };
		057061EE1E1EFE98001AE518 /* PauseLocation+CoreDataProperties.swift */ = {isa = PBXFileReference; fileEncoding = 4; lastKnownFileType = sourcecode.swift; path = "PauseLocation+CoreDataProperties.swift"; sourceTree = "<group>"; };
		057061EF1E1EFE98001AE518 /* PauseLocation.swift */ = {isa = PBXFileReference; fileEncoding = 4; lastKnownFileType = sourcecode.swift; path = PauseLocation.swift; sourceTree = "<group>"; };
		0572A3C31C0AF846004A56C0 /* MeViewController.swift */ = {isa = PBXFileReference; fileEncoding = 4; lastKnownFileType = sourcecode.swift; path = MeViewController.swift; sourceTree = "<group>"; };
		05745A101E25784600E8D1CA /* RankingDetailViewController.swift */ = {isa = PBXFileReference; fileEncoding = 4; lastKnownFileType = sourcecode.swift; path = RankingDetailViewController.swift; sourceTree = "<group>"; };
		057EA67B1E21F4C500064BFD /* Colors.swift */ = {isa = PBXFileReference; fileEncoding = 4; lastKnownFileType = sourcecode.swift; path = Colors.swift; sourceTree = "<group>"; };
		057F3FA41C0C96D6001BEA91 /* ActivityTableViewCell.swift */ = {isa = PBXFileReference; fileEncoding = 4; lastKnownFileType = sourcecode.swift; path = ActivityTableViewCell.swift; sourceTree = "<group>"; };
		058483921C0C1674008AE503 /* AllActivitiesViewController.swift */ = {isa = PBXFileReference; fileEncoding = 4; lastKnownFileType = sourcecode.swift; path = AllActivitiesViewController.swift; sourceTree = "<group>"; };
		0586A8231E171D31005CC238 /* LoginViewController.swift */ = {isa = PBXFileReference; fileEncoding = 4; lastKnownFileType = sourcecode.swift; path = LoginViewController.swift; sourceTree = "<group>"; };
		058C8AC81E14B80600140D71 /* Pedometer.swift */ = {isa = PBXFileReference; fileEncoding = 4; lastKnownFileType = sourcecode.swift; path = Pedometer.swift; sourceTree = "<group>"; };
		0596360D1B0CCD81007BCC22 /* StepsViewController.swift */ = {isa = PBXFileReference; fileEncoding = 4; lastKnownFileType = sourcecode.swift; path = StepsViewController.swift; sourceTree = "<group>"; };
		059636131B0CD725007BCC22 /* StepsMonitor.swift */ = {isa = PBXFileReference; fileEncoding = 4; lastKnownFileType = sourcecode.swift; lineEnding = 0; path = StepsMonitor.swift; sourceTree = "<group>"; };
		05C0966C1E21854700607379 /* Step by step-Bridging-Header.h */ = {isa = PBXFileReference; lastKnownFileType = sourcecode.c.h; path = "Step by step-Bridging-Header.h"; sourceTree = "<group>"; };
		05C364621BDB2F31008D1712 /* Base */ = {isa = PBXFileReference; lastKnownFileType = file.xib; name = Base; path = Base.lproj/LaunchScreen.xib; sourceTree = "<group>"; };
		05DAC7301BDF6E1C008F10C5 /* MapKit.framework */ = {isa = PBXFileReference; lastKnownFileType = wrapper.framework; name = MapKit.framework; path = System/Library/Frameworks/MapKit.framework; sourceTree = SDKROOT; };
		05DEFAC91C0557CC00EE5A5F /* InRunningViewController.swift */ = {isa = PBXFileReference; fileEncoding = 4; lastKnownFileType = sourcecode.swift; path = InRunningViewController.swift; sourceTree = "<group>"; };
		05E26C941E20006600D1E22F /* Display.swift */ = {isa = PBXFileReference; fileEncoding = 4; lastKnownFileType = sourcecode.swift; path = Display.swift; sourceTree = "<group>"; };
		05FEC9D31BDE83C50093DF7D /* RankingViewController.swift */ = {isa = PBXFileReference; fileEncoding = 4; lastKnownFileType = sourcecode.swift; path = RankingViewController.swift; sourceTree = "<group>"; };
		6115B23D8EB24AE7BEAFEA10 /* Pods-Step by step.release.xcconfig */ = {isa = PBXFileReference; includeInIndex = 1; lastKnownFileType = text.xcconfig; name = "Pods-Step by step.release.xcconfig"; path = "Pods/Target Support Files/Pods-Step by step/Pods-Step by step.release.xcconfig"; sourceTree = "<group>"; };
		72A64F0ED2346E99320C8C04 /* Pods_Step_by_step.framework */ = {isa = PBXFileReference; explicitFileType = wrapper.framework; includeInIndex = 0; path = Pods_Step_by_step.framework; sourceTree = BUILT_PRODUCTS_DIR; };
		CD9A6A6F4CEE6865278EB11E /* Pods-Step by step.debug.xcconfig */ = {isa = PBXFileReference; includeInIndex = 1; lastKnownFileType = text.xcconfig; name = "Pods-Step by step.debug.xcconfig"; path = "Pods/Target Support Files/Pods-Step by step/Pods-Step by step.debug.xcconfig"; sourceTree = "<group>"; };
/* End PBXFileReference section */

/* Begin PBXFrameworksBuildPhase section */
		0555EA451AE210CB00E127C8 /* Frameworks */ = {
			isa = PBXFrameworksBuildPhase;
			buildActionMask = 2147483647;
			files = (
				052E9F7E1BFF222D00BBF246 /* CoreLocation.framework in Frameworks */,
				05DAC7311BDF6E1C008F10C5 /* MapKit.framework in Frameworks */,
				988262BAF10AC5F8FF234B54 /* Pods_Step_by_step.framework in Frameworks */,
			);
			runOnlyForDeploymentPostprocessing = 0;
		};
		0555EA5C1AE210CB00E127C8 /* Frameworks */ = {
			isa = PBXFrameworksBuildPhase;
			buildActionMask = 2147483647;
			files = (
			);
			runOnlyForDeploymentPostprocessing = 0;
		};
/* End PBXFrameworksBuildPhase section */

/* Begin PBXGroup section */
		053B3CFD1E17375800ABC373 /* Login */ = {
			isa = PBXGroup;
			children = (
				0586A8231E171D31005CC238 /* LoginViewController.swift */,
			);
			name = Login;
			sourceTree = "<group>";
		};
		0555EA3F1AE210CB00E127C8 = {
			isa = PBXGroup;
			children = (
				052E9F7D1BFF222D00BBF246 /* CoreLocation.framework */,
				05DAC7301BDF6E1C008F10C5 /* MapKit.framework */,
				0555EA4A1AE210CB00E127C8 /* Step by step */,
				0555EA621AE210CB00E127C8 /* Step by stepTests */,
				0555EA491AE210CB00E127C8 /* Products */,
				6FB386CEE5279260FED24B6C /* Pods */,
				487E18CB53FF71ACC70D4507 /* Frameworks */,
			);
			sourceTree = "<group>";
		};
		0555EA491AE210CB00E127C8 /* Products */ = {
			isa = PBXGroup;
			children = (
				0555EA481AE210CB00E127C8 /* Step by step.app */,
				0555EA5F1AE210CB00E127C8 /* Step by stepTests.xctest */,
			);
			name = Products;
			sourceTree = "<group>";
		};
		0555EA4A1AE210CB00E127C8 /* Step by step */ = {
			isa = PBXGroup;
			children = (
				052E9F7F1C00515600BBF246 /* BaseViewController.swift */,
				0572A3C31C0AF846004A56C0 /* MeViewController.swift */,
				0555EA511AE210CB00E127C8 /* RunningViewController.swift */,
				05DEFAC91C0557CC00EE5A5F /* InRunningViewController.swift */,
				05441A551BE35EA800A8ECA4 /* RunningResultViewController.swift */,
				0596360D1B0CCD81007BCC22 /* StepsViewController.swift */,
				0539F9941E2714EA00C1FB19 /* Test.swift */,
				05FEC9D31BDE83C50093DF7D /* RankingViewController.swift */,
				05269AED1DFBC1E000B2A600 /* RankingViewCell.swift */,
				05745A101E25784600E8D1CA /* RankingDetailViewController.swift */,
				052EB0CC1E1317F100F17B11 /* SettingViewController.swift */,
				0517B3341E23309700D8DDCB /* SettingTextFieldController.swift */,
				0517B3361E2330FD00D8DDCB /* SecondarySettingViewController.swift */,
				0555EA531AE210CB00E127C8 /* Main.storyboard */,
				0539F9A31E271F0700C1FB19 /* Sdk */,
				056FA8A71E2437B400089132 /* Helper */,
				053B3CFD1E17375800ABC373 /* Login */,
				05DEFAD01C05B53000EE5A5F /* Running */,
				055E7BFC1E1B51D600356F29 /* Ranking */,
				055E7C031E1B671800356F29 /* Achievement */,
				055E7C081E1C022300356F29 /* Record */,
				05DEFACF1C05B49400EE5A5F /* CoreData */,
				0555EA4B1AE210CB00E127C8 /* Supporting Files */,
			);
			path = "Step by step";
			sourceTree = "<group>";
		};
		0555EA4B1AE210CB00E127C8 /* Supporting Files */ = {
			isa = PBXGroup;
			children = (
				05C364611BDB2F31008D1712 /* LaunchScreen.xib */,
				05269AEF1DFBD69F00B2A600 /* Images.xcassets */,
				0555EA4D1AE210CB00E127C8 /* AppDelegate.swift */,
				0555EA4C1AE210CB00E127C8 /* Info.plist */,
				05C0966C1E21854700607379 /* Step by step-Bridging-Header.h */,
			);
			name = "Supporting Files";
			sourceTree = "<group>";
		};
		0555EA621AE210CB00E127C8 /* Step by stepTests */ = {
			isa = PBXGroup;
			children = (
				0555EA651AE210CB00E127C8 /* Step_by_stepTests.swift */,
				0555EA631AE210CB00E127C8 /* Supporting Files */,
			);
			path = "Step by stepTests";
			sourceTree = "<group>";
		};
		0555EA631AE210CB00E127C8 /* Supporting Files */ = {
			isa = PBXGroup;
			children = (
				0555EA641AE210CB00E127C8 /* Info.plist */,
			);
			name = "Supporting Files";
			sourceTree = "<group>";
		};
		055E7BFC1E1B51D600356F29 /* Ranking */ = {
			isa = PBXGroup;
			children = (
				055E7BFA1E1B51CE00356F29 /* AllRankingsViewController.swift */,
				055E7BFD1E1B521200356F29 /* RankingTableViewCell.swift */,
			);
			name = Ranking;
			sourceTree = "<group>";
		};
		055E7C031E1B671800356F29 /* Achievement */ = {
			isa = PBXGroup;
			children = (
				055E7C011E1B671200356F29 /* AllAchievementsTableViewController.swift */,
				055E7BFF1E1B66DC00356F29 /* AchievementTableViewCell.swift */,
			);
			name = Achievement;
			sourceTree = "<group>";
		};
		055E7C081E1C022300356F29 /* Record */ = {
			isa = PBXGroup;
			children = (
				055E7C041E1C020300356F29 /* AllRecordsTableViewController.swift */,
				055E7C061E1C021900356F29 /* RecordTableViewCell.swift */,
			);
			name = Record;
			sourceTree = "<group>";
		};
		056FA8A71E2437B400089132 /* Helper */ = {
			isa = PBXGroup;
			children = (
				05E26C941E20006600D1E22F /* Display.swift */,
				057EA67B1E21F4C500064BFD /* Colors.swift */,
				059636131B0CD725007BCC22 /* StepsMonitor.swift */,
				058C8AC81E14B80600140D71 /* Pedometer.swift */,
				056FA8AA1E247B0900089132 /* Time.swift */,
			);
			name = Helper;
			sourceTree = "<group>";
		};
		05DEFACF1C05B49400EE5A5F /* CoreData */ = {
			isa = PBXGroup;
			children = (
				05441A251BE07BEE00A8ECA4 /* Model.xcdatamodeld */,
				057061EF1E1EFE98001AE518 /* PauseLocation.swift */,
				057061EE1E1EFE98001AE518 /* PauseLocation+CoreDataProperties.swift */,
				05441A291BE089ED00A8ECA4 /* Location.swift */,
				05441A281BE089ED00A8ECA4 /* Location+CoreDataProperties.swift */,
				05441A2B1BE089ED00A8ECA4 /* Run.swift */,
				05441A2A1BE089ED00A8ECA4 /* Run+CoreDataProperties.swift */,
				056FA8971E242A6300089132 /* Achievement.swift */,
				056FA8991E242C1600089132 /* Achievement+CoreDataProperties.swift */,
				056FA89B1E242C2700089132 /* Ranking.swift */,
				056FA89D1E242C3200089132 /* Ranking+CoreDataProperties.swift */,
				056FA89F1E242C4300089132 /* Record.swift */,
				056FA8A11E242C4E00089132 /* Record+CoreDataProperties.swift */,
			);
			name = CoreData;
			sourceTree = "<group>";
		};
		05DEFAD01C05B53000EE5A5F /* Running */ = {
			isa = PBXGroup;
			children = (
				058483921C0C1674008AE503 /* AllActivitiesViewController.swift */,
				057F3FA41C0C96D6001BEA91 /* ActivityTableViewCell.swift */,
				051AC0A51D7A7BDA00D6C82F /* ActivityViewController.swift */,
			);
			name = Running;
			sourceTree = "<group>";
		};
		487E18CB53FF71ACC70D4507 /* Frameworks */ = {
			isa = PBXGroup;
			children = (
				0539F9921E2710F700C1FB19 /* libz.tbd */,
				0539F9901E2710EC00C1FB19 /* libsqlite3.tbd */,
				72A64F0ED2346E99320C8C04 /* Pods_Step_by_step.framework */,
			);
			name = Frameworks;
			sourceTree = "<group>";
		};
		6FB386CEE5279260FED24B6C /* Pods */ = {
			isa = PBXGroup;
			children = (
				CD9A6A6F4CEE6865278EB11E /* Pods-Step by step.debug.xcconfig */,
				6115B23D8EB24AE7BEAFEA10 /* Pods-Step by step.release.xcconfig */,
			);
			name = Pods;
			sourceTree = "<group>";
		};
/* End PBXGroup section */

/* Begin PBXNativeTarget section */
		0555EA471AE210CB00E127C8 /* Step by step */ = {
			isa = PBXNativeTarget;
			buildConfigurationList = 0555EA691AE210CB00E127C8 /* Build configuration list for PBXNativeTarget "Step by step" */;
			buildPhases = (
				AADCB62D67EA10D16D842DBB /* [CP] Check Pods Manifest.lock */,
				0555EA441AE210CB00E127C8 /* Sources */,
				0555EA451AE210CB00E127C8 /* Frameworks */,
				0555EA461AE210CB00E127C8 /* Resources */,
				B3E42A3A56AC517A913FCD9E /* [CP] Embed Pods Frameworks */,
				8C9B8B168BE7BF45A4079451 /* [CP] Copy Pods Resources */,
			);
			buildRules = (
			);
			dependencies = (
			);
			name = "Step by step";
			productName = "Step by step";
			productReference = 0555EA481AE210CB00E127C8 /* Step by step.app */;
			productType = "com.apple.product-type.application";
		};
		0555EA5E1AE210CB00E127C8 /* Step by stepTests */ = {
			isa = PBXNativeTarget;
			buildConfigurationList = 0555EA6C1AE210CB00E127C8 /* Build configuration list for PBXNativeTarget "Step by stepTests" */;
			buildPhases = (
				0555EA5B1AE210CB00E127C8 /* Sources */,
				0555EA5C1AE210CB00E127C8 /* Frameworks */,
				0555EA5D1AE210CB00E127C8 /* Resources */,
			);
			buildRules = (
			);
			dependencies = (
				0555EA611AE210CB00E127C8 /* PBXTargetDependency */,
			);
			name = "Step by stepTests";
			productName = "Step by stepTests";
			productReference = 0555EA5F1AE210CB00E127C8 /* Step by stepTests.xctest */;
			productType = "com.apple.product-type.bundle.unit-test";
		};
/* End PBXNativeTarget section */

/* Begin PBXProject section */
		0555EA401AE210CB00E127C8 /* Project object */ = {
			isa = PBXProject;
			attributes = {
				LastSwiftUpdateCheck = 0700;
				LastUpgradeCheck = 0820;
				ORGANIZATIONNAME = "Huanyan's";
				TargetAttributes = {
					0555EA471AE210CB00E127C8 = {
						CreatedOnToolsVersion = 6.3;
						DevelopmentTeam = 8V73BHVJKK;
						LastSwiftMigration = 0820;
						SystemCapabilities = {
							com.apple.BackgroundModes = {
								enabled = 1;
							};
							com.apple.Keychain = {
								enabled = 0;
							};
							com.apple.Maps.iOS = {
								enabled = 1;
							};
						};
					};
					0555EA5E1AE210CB00E127C8 = {
						CreatedOnToolsVersion = 6.3;
						LastSwiftMigration = 0810;
						TestTargetID = 0555EA471AE210CB00E127C8;
					};
				};
			};
			buildConfigurationList = 0555EA431AE210CB00E127C8 /* Build configuration list for PBXProject "Step by step" */;
			compatibilityVersion = "Xcode 3.2";
			developmentRegion = English;
			hasScannedForEncodings = 0;
			knownRegions = (
				en,
				Base,
			);
			mainGroup = 0555EA3F1AE210CB00E127C8;
			productRefGroup = 0555EA491AE210CB00E127C8 /* Products */;
			projectDirPath = "";
			projectRoot = "";
			targets = (
				0555EA471AE210CB00E127C8 /* Step by step */,
				0555EA5E1AE210CB00E127C8 /* Step by stepTests */,
			);
		};
/* End PBXProject section */

/* Begin PBXResourcesBuildPhase section */
		0555EA461AE210CB00E127C8 /* Resources */ = {
			isa = PBXResourcesBuildPhase;
			buildActionMask = 2147483647;
			files = (
				05269AF01DFBD6A000B2A600 /* Images.xcassets in Resources */,
				0539F9A41E271F0700C1FB19 /* Sdk in Resources */,
				0555EA551AE210CB00E127C8 /* Main.storyboard in Resources */,
				05C364631BDB2F31008D1712 /* LaunchScreen.xib in Resources */,
			);
			runOnlyForDeploymentPostprocessing = 0;
		};
		0555EA5D1AE210CB00E127C8 /* Resources */ = {
			isa = PBXResourcesBuildPhase;
			buildActionMask = 2147483647;
			files = (
			);
			runOnlyForDeploymentPostprocessing = 0;
		};
/* End PBXResourcesBuildPhase section */

/* Begin PBXShellScriptBuildPhase section */
		8C9B8B168BE7BF45A4079451 /* [CP] Copy Pods Resources */ = {
			isa = PBXShellScriptBuildPhase;
			buildActionMask = 2147483647;
			files = (
			);
			inputPaths = (
			);
			name = "[CP] Copy Pods Resources";
			outputPaths = (
			);
			runOnlyForDeploymentPostprocessing = 0;
			shellPath = /bin/sh;
			shellScript = "\"${SRCROOT}/Pods/Target Support Files/Pods-Step by step/Pods-Step by step-resources.sh\"\n";
			showEnvVarsInLog = 0;
		};
		AADCB62D67EA10D16D842DBB /* [CP] Check Pods Manifest.lock */ = {
			isa = PBXShellScriptBuildPhase;
			buildActionMask = 2147483647;
			files = (
			);
			inputPaths = (
			);
			name = "[CP] Check Pods Manifest.lock";
			outputPaths = (
			);
			runOnlyForDeploymentPostprocessing = 0;
			shellPath = /bin/sh;
			shellScript = "diff \"${PODS_ROOT}/../Podfile.lock\" \"${PODS_ROOT}/Manifest.lock\" > /dev/null\nif [ $? != 0 ] ; then\n    # print error to STDERR\n    echo \"error: The sandbox is not in sync with the Podfile.lock. Run 'pod install' or update your CocoaPods installation.\" >&2\n    exit 1\nfi\n";
			showEnvVarsInLog = 0;
		};
		B3E42A3A56AC517A913FCD9E /* [CP] Embed Pods Frameworks */ = {
			isa = PBXShellScriptBuildPhase;
			buildActionMask = 2147483647;
			files = (
			);
			inputPaths = (
			);
			name = "[CP] Embed Pods Frameworks";
			outputPaths = (
			);
			runOnlyForDeploymentPostprocessing = 0;
			shellPath = /bin/sh;
			shellScript = "\"${SRCROOT}/Pods/Target Support Files/Pods-Step by step/Pods-Step by step-frameworks.sh\"\n";
			showEnvVarsInLog = 0;
		};
/* End PBXShellScriptBuildPhase section */

/* Begin PBXSourcesBuildPhase section */
		0555EA441AE210CB00E127C8 /* Sources */ = {
			isa = PBXSourcesBuildPhase;
			buildActionMask = 2147483647;
			files = (
				057061F01E1EFE98001AE518 /* PauseLocation+CoreDataProperties.swift in Sources */,
				0572A3C41C0AF846004A56C0 /* MeViewController.swift in Sources */,
				0555EA521AE210CB00E127C8 /* RunningViewController.swift in Sources */,
				057F3FA51C0C96D6001BEA91 /* ActivityTableViewCell.swift in Sources */,
				055E7C001E1B66DC00356F29 /* AchievementTableViewCell.swift in Sources */,
				05745A111E25784600E8D1CA /* RankingDetailViewController.swift in Sources */,
				05441A2D1BE089ED00A8ECA4 /* Location.swift in Sources */,
				0517B3351E23309700D8DDCB /* SettingTextFieldController.swift in Sources */,
				05441A2F1BE089ED00A8ECA4 /* Run.swift in Sources */,
				056FA89E1E242C3200089132 /* Ranking+CoreDataProperties.swift in Sources */,
				0555EA4E1AE210CB00E127C8 /* AppDelegate.swift in Sources */,
				056FA8981E242A6300089132 /* Achievement.swift in Sources */,
				0539F9951E2714EA00C1FB19 /* Test.swift in Sources */,
				05E26C951E20006600D1E22F /* Display.swift in Sources */,
				056FA8AB1E247B0900089132 /* Time.swift in Sources */,
				0517B3371E2330FD00D8DDCB /* SecondarySettingViewController.swift in Sources */,
				05441A2E1BE089ED00A8ECA4 /* Run+CoreDataProperties.swift in Sources */,
				055E7C021E1B671200356F29 /* AllAchievementsTableViewController.swift in Sources */,
				052E9F801C00515600BBF246 /* BaseViewController.swift in Sources */,
				05441A561BE35EA800A8ECA4 /* RunningResultViewController.swift in Sources */,
				05269AEE1DFBC1E000B2A600 /* RankingViewCell.swift in Sources */,
				055E7C051E1C020300356F29 /* AllRecordsTableViewController.swift in Sources */,
				0586A8241E171D31005CC238 /* LoginViewController.swift in Sources */,
				056FA8A21E242C4F00089132 /* Record+CoreDataProperties.swift in Sources */,
				056FA8A01E242C4300089132 /* Record.swift in Sources */,
				0596360E1B0CCD81007BCC22 /* StepsViewController.swift in Sources */,
				058C8AC91E14B80700140D71 /* Pedometer.swift in Sources */,
				05441A2C1BE089ED00A8ECA4 /* Location+CoreDataProperties.swift in Sources */,
				055E7C071E1C021900356F29 /* RecordTableViewCell.swift in Sources */,
				056FA89A1E242C1600089132 /* Achievement+CoreDataProperties.swift in Sources */,
				055E7BFE1E1B521200356F29 /* RankingTableViewCell.swift in Sources */,
				055E7BFB1E1B51CE00356F29 /* AllRankingsViewController.swift in Sources */,
				05441A271BE07BEE00A8ECA4 /* Model.xcdatamodeld in Sources */,
				05FEC9D41BDE83C50093DF7D /* RankingViewController.swift in Sources */,
				056FA89C1E242C2700089132 /* Ranking.swift in Sources */,
				052EB0CD1E1317F100F17B11 /* SettingViewController.swift in Sources */,
				057EA67C1E21F4C500064BFD /* Colors.swift in Sources */,
				059636141B0CD725007BCC22 /* StepsMonitor.swift in Sources */,
				057061F11E1EFE98001AE518 /* PauseLocation.swift in Sources */,
				051AC0A61D7A7BDA00D6C82F /* ActivityViewController.swift in Sources */,
				058483931C0C1674008AE503 /* AllActivitiesViewController.swift in Sources */,
				05DEFACA1C0557CC00EE5A5F /* InRunningViewController.swift in Sources */,
			);
			runOnlyForDeploymentPostprocessing = 0;
		};
		0555EA5B1AE210CB00E127C8 /* Sources */ = {
			isa = PBXSourcesBuildPhase;
			buildActionMask = 2147483647;
			files = (
				0555EA661AE210CB00E127C8 /* Step_by_stepTests.swift in Sources */,
			);
			runOnlyForDeploymentPostprocessing = 0;
		};
/* End PBXSourcesBuildPhase section */

/* Begin PBXTargetDependency section */
		0555EA611AE210CB00E127C8 /* PBXTargetDependency */ = {
			isa = PBXTargetDependency;
			target = 0555EA471AE210CB00E127C8 /* Step by step */;
			targetProxy = 0555EA601AE210CB00E127C8 /* PBXContainerItemProxy */;
		};
/* End PBXTargetDependency section */

/* Begin PBXVariantGroup section */
		0555EA531AE210CB00E127C8 /* Main.storyboard */ = {
			isa = PBXVariantGroup;
			children = (
				0555EA541AE210CB00E127C8 /* Base */,
			);
			name = Main.storyboard;
			sourceTree = "<group>";
		};
		05C364611BDB2F31008D1712 /* LaunchScreen.xib */ = {
			isa = PBXVariantGroup;
			children = (
				05C364621BDB2F31008D1712 /* Base */,
			);
			name = LaunchScreen.xib;
			sourceTree = "<group>";
		};
/* End PBXVariantGroup section */

/* Begin XCBuildConfiguration section */
		0555EA671AE210CB00E127C8 /* Debug */ = {
			isa = XCBuildConfiguration;
			buildSettings = {
				ALWAYS_SEARCH_USER_PATHS = NO;
				CLANG_CXX_LANGUAGE_STANDARD = "gnu++0x";
				CLANG_CXX_LIBRARY = "libc++";
				CLANG_ENABLE_MODULES = YES;
				CLANG_ENABLE_OBJC_ARC = YES;
				CLANG_WARN_BOOL_CONVERSION = YES;
				CLANG_WARN_CONSTANT_CONVERSION = YES;
				CLANG_WARN_DIRECT_OBJC_ISA_USAGE = YES_ERROR;
				CLANG_WARN_EMPTY_BODY = YES;
				CLANG_WARN_ENUM_CONVERSION = YES;
				CLANG_WARN_INFINITE_RECURSION = YES;
				CLANG_WARN_INT_CONVERSION = YES;
				CLANG_WARN_OBJC_ROOT_CLASS = YES_ERROR;
				CLANG_WARN_SUSPICIOUS_MOVE = YES;
				CLANG_WARN_UNREACHABLE_CODE = YES;
				CLANG_WARN__DUPLICATE_METHOD_MATCH = YES;
				"CODE_SIGN_IDENTITY[sdk=iphoneos*]" = "iPhone Developer";
				COPY_PHASE_STRIP = NO;
				DEBUG_INFORMATION_FORMAT = "dwarf-with-dsym";
				ENABLE_STRICT_OBJC_MSGSEND = YES;
				ENABLE_TESTABILITY = YES;
				GCC_C_LANGUAGE_STANDARD = gnu99;
				GCC_DYNAMIC_NO_PIC = NO;
				GCC_NO_COMMON_BLOCKS = YES;
				GCC_OPTIMIZATION_LEVEL = 0;
				GCC_PREPROCESSOR_DEFINITIONS = (
					"DEBUG=1",
					"$(inherited)",
				);
				GCC_SYMBOLS_PRIVATE_EXTERN = NO;
				GCC_WARN_64_TO_32_BIT_CONVERSION = YES;
				GCC_WARN_ABOUT_RETURN_TYPE = YES_ERROR;
				GCC_WARN_UNDECLARED_SELECTOR = YES;
				GCC_WARN_UNINITIALIZED_AUTOS = YES_AGGRESSIVE;
				GCC_WARN_UNUSED_FUNCTION = YES;
				GCC_WARN_UNUSED_VARIABLE = YES;
				IPHONEOS_DEPLOYMENT_TARGET = 8.0;
				MTL_ENABLE_DEBUG_INFO = YES;
				ONLY_ACTIVE_ARCH = YES;
				SDKROOT = iphoneos;
				SWIFT_OPTIMIZATION_LEVEL = "-Onone";
			};
			name = Debug;
		};
		0555EA681AE210CB00E127C8 /* Release */ = {
			isa = XCBuildConfiguration;
			buildSettings = {
				ALWAYS_SEARCH_USER_PATHS = NO;
				CLANG_CXX_LANGUAGE_STANDARD = "gnu++0x";
				CLANG_CXX_LIBRARY = "libc++";
				CLANG_ENABLE_MODULES = YES;
				CLANG_ENABLE_OBJC_ARC = YES;
				CLANG_WARN_BOOL_CONVERSION = YES;
				CLANG_WARN_CONSTANT_CONVERSION = YES;
				CLANG_WARN_DIRECT_OBJC_ISA_USAGE = YES_ERROR;
				CLANG_WARN_EMPTY_BODY = YES;
				CLANG_WARN_ENUM_CONVERSION = YES;
				CLANG_WARN_INFINITE_RECURSION = YES;
				CLANG_WARN_INT_CONVERSION = YES;
				CLANG_WARN_OBJC_ROOT_CLASS = YES_ERROR;
				CLANG_WARN_SUSPICIOUS_MOVE = YES;
				CLANG_WARN_UNREACHABLE_CODE = YES;
				CLANG_WARN__DUPLICATE_METHOD_MATCH = YES;
				"CODE_SIGN_IDENTITY[sdk=iphoneos*]" = "iPhone Developer";
				COPY_PHASE_STRIP = NO;
				DEBUG_INFORMATION_FORMAT = "dwarf-with-dsym";
				ENABLE_NS_ASSERTIONS = NO;
				ENABLE_STRICT_OBJC_MSGSEND = YES;
				GCC_C_LANGUAGE_STANDARD = gnu99;
				GCC_NO_COMMON_BLOCKS = YES;
				GCC_WARN_64_TO_32_BIT_CONVERSION = YES;
				GCC_WARN_ABOUT_RETURN_TYPE = YES_ERROR;
				GCC_WARN_UNDECLARED_SELECTOR = YES;
				GCC_WARN_UNINITIALIZED_AUTOS = YES_AGGRESSIVE;
				GCC_WARN_UNUSED_FUNCTION = YES;
				GCC_WARN_UNUSED_VARIABLE = YES;
				IPHONEOS_DEPLOYMENT_TARGET = 8.0;
				MTL_ENABLE_DEBUG_INFO = NO;
				SDKROOT = iphoneos;
				SWIFT_OPTIMIZATION_LEVEL = "-Owholemodule";
				VALIDATE_PRODUCT = YES;
			};
			name = Release;
		};
		0555EA6A1AE210CB00E127C8 /* Debug */ = {
			isa = XCBuildConfiguration;
			baseConfigurationReference = CD9A6A6F4CEE6865278EB11E /* Pods-Step by step.debug.xcconfig */;
			buildSettings = {
				ASSETCATALOG_COMPILER_APPICON_NAME = AppIcon;
				CLANG_ENABLE_MODULES = YES;
				CODE_SIGN_IDENTITY = "iPhone Developer";
				"CODE_SIGN_IDENTITY[sdk=iphoneos*]" = "iPhone Developer";
				DEVELOPMENT_TEAM = 8V73BHVJKK;
				FRAMEWORK_SEARCH_PATHS = (
					"$(inherited)",
					"$(SRCROOT)/**",
					"$(PROJECT_DIR)",
				);
				INFOPLIST_FILE = "Step by step/Info.plist";
				LD_RUNPATH_SEARCH_PATHS = "$(inherited) @executable_path/Frameworks";
				PRODUCT_BUNDLE_IDENTIFIER = com.huanyan.stepbystep;
				PRODUCT_NAME = "$(TARGET_NAME)";
				PROVISIONING_PROFILE = "";
				SWIFT_OBJC_BRIDGING_HEADER = "Step by step/Step by step-Bridging-Header.h";
				SWIFT_OPTIMIZATION_LEVEL = "-Onone";
				SWIFT_VERSION = 3.0;
			};
			name = Debug;
		};
		0555EA6B1AE210CB00E127C8 /* Release */ = {
			isa = XCBuildConfiguration;
			baseConfigurationReference = 6115B23D8EB24AE7BEAFEA10 /* Pods-Step by step.release.xcconfig */;
			buildSettings = {
				ASSETCATALOG_COMPILER_APPICON_NAME = AppIcon;
				CLANG_ENABLE_MODULES = YES;
				CODE_SIGN_IDENTITY = "iPhone Developer";
				"CODE_SIGN_IDENTITY[sdk=iphoneos*]" = "iPhone Developer";
				DEVELOPMENT_TEAM = 8V73BHVJKK;
				FRAMEWORK_SEARCH_PATHS = (
					"$(inherited)",
					"$(SRCROOT)/**",
					"$(PROJECT_DIR)",
				);
				INFOPLIST_FILE = "Step by step/Info.plist";
				LD_RUNPATH_SEARCH_PATHS = "$(inherited) @executable_path/Frameworks";
				PRODUCT_BUNDLE_IDENTIFIER = com.huanyan.stepbystep;
				PRODUCT_NAME = "$(TARGET_NAME)";
				PROVISIONING_PROFILE = "";
				SWIFT_OBJC_BRIDGING_HEADER = "Step by step/Step by step-Bridging-Header.h";
				SWIFT_VERSION = 3.0;
			};
			name = Release;
		};
		0555EA6D1AE210CB00E127C8 /* Debug */ = {
			isa = XCBuildConfiguration;
			buildSettings = {
				BUNDLE_LOADER = "$(TEST_HOST)";
				FRAMEWORK_SEARCH_PATHS = "";
				GCC_PREPROCESSOR_DEFINITIONS = (
					"DEBUG=1",
					"$(inherited)",
				);
				INFOPLIST_FILE = "Step by stepTests/Info.plist";
				LD_RUNPATH_SEARCH_PATHS = "$(inherited) @executable_path/Frameworks @loader_path/Frameworks";
				PRODUCT_BUNDLE_IDENTIFIER = "Huanyan.$(PRODUCT_NAME:rfc1034identifier)";
				PRODUCT_NAME = "$(TARGET_NAME)";
				SWIFT_VERSION = 3.0;
				TEST_HOST = "$(BUILT_PRODUCTS_DIR)/Step by step.app/Step by step";
			};
			name = Debug;
		};
		0555EA6E1AE210CB00E127C8 /* Release */ = {
			isa = XCBuildConfiguration;
			buildSettings = {
				BUNDLE_LOADER = "$(TEST_HOST)";
				FRAMEWORK_SEARCH_PATHS = "";
				INFOPLIST_FILE = "Step by stepTests/Info.plist";
				LD_RUNPATH_SEARCH_PATHS = "$(inherited) @executable_path/Frameworks @loader_path/Frameworks";
				PRODUCT_BUNDLE_IDENTIFIER = "Huanyan.$(PRODUCT_NAME:rfc1034identifier)";
				PRODUCT_NAME = "$(TARGET_NAME)";
				SWIFT_VERSION = 3.0;
				TEST_HOST = "$(BUILT_PRODUCTS_DIR)/Step by step.app/Step by step";
			};
			name = Release;
		};
/* End XCBuildConfiguration section */

/* Begin XCConfigurationList section */
		0555EA431AE210CB00E127C8 /* Build configuration list for PBXProject "Step by step" */ = {
			isa = XCConfigurationList;
			buildConfigurations = (
				0555EA671AE210CB00E127C8 /* Debug */,
				0555EA681AE210CB00E127C8 /* Release */,
			);
			defaultConfigurationIsVisible = 0;
			defaultConfigurationName = Release;
		};
		0555EA691AE210CB00E127C8 /* Build configuration list for PBXNativeTarget "Step by step" */ = {
			isa = XCConfigurationList;
			buildConfigurations = (
				0555EA6A1AE210CB00E127C8 /* Debug */,
				0555EA6B1AE210CB00E127C8 /* Release */,
			);
			defaultConfigurationIsVisible = 0;
			defaultConfigurationName = Release;
		};
		0555EA6C1AE210CB00E127C8 /* Build configuration list for PBXNativeTarget "Step by stepTests" */ = {
			isa = XCConfigurationList;
			buildConfigurations = (
				0555EA6D1AE210CB00E127C8 /* Debug */,
				0555EA6E1AE210CB00E127C8 /* Release */,
			);
			defaultConfigurationIsVisible = 0;
			defaultConfigurationName = Release;
		};
/* End XCConfigurationList section */

/* Begin XCVersionGroup section */
		05441A251BE07BEE00A8ECA4 /* Model.xcdatamodeld */ = {
			isa = XCVersionGroup;
			children = (
				05441A261BE07BEE00A8ECA4 /* Model.xcdatamodel */,
			);
			currentVersion = 05441A261BE07BEE00A8ECA4 /* Model.xcdatamodel */;
			path = Model.xcdatamodeld;
			sourceTree = "<group>";
			versionGroupType = wrapper.xcdatamodel;
		};
/* End XCVersionGroup section */
	};
	rootObject = 0555EA401AE210CB00E127C8 /* Project object */;
}
